// !$*UTF8*$!
{
	archiveVersion = 1;
	classes = {
	};
	objectVersion = 50;
	objects = {

/* Begin PBXBuildFile section */
		C4C839702419CF2B00850910 /* AppDelegate.m in Sources */ = {isa = PBXBuildFile; fileRef = C4C8396F2419CF2B00850910 /* AppDelegate.m */; };
		C4C839732419CF2B00850910 /* SceneDelegate.m in Sources */ = {isa = PBXBuildFile; fileRef = C4C839722419CF2B00850910 /* SceneDelegate.m */; };
		C4C839762419CF2B00850910 /* ViewController.m in Sources */ = {isa = PBXBuildFile; fileRef = C4C839752419CF2B00850910 /* ViewController.m */; };
		C4C839792419CF2B00850910 /* Main.storyboard in Resources */ = {isa = PBXBuildFile; fileRef = C4C839772419CF2B00850910 /* Main.storyboard */; };
		C4C8397C2419CF2B00850910 /* MVP.xcdatamodeld in Sources */ = {isa = PBXBuildFile; fileRef = C4C8397A2419CF2B00850910 /* MVP.xcdatamodeld */; };
		C4C8397E2419CF2C00850910 /* Assets.xcassets in Resources */ = {isa = PBXBuildFile; fileRef = C4C8397D2419CF2C00850910 /* Assets.xcassets */; };
		C4C839812419CF2C00850910 /* LaunchScreen.storyboard in Resources */ = {isa = PBXBuildFile; fileRef = C4C8397F2419CF2C00850910 /* LaunchScreen.storyboard */; };
		C4C839842419CF2C00850910 /* main.m in Sources */ = {isa = PBXBuildFile; fileRef = C4C839832419CF2C00850910 /* main.m */; };
		C4C8398C2419CF7500850910 /* LoginPresenter.m in Sources */ = {isa = PBXBuildFile; fileRef = C4C8398B2419CF7500850910 /* LoginPresenter.m */; };
		C4C839902419CF9B00850910 /* LoginModel.m in Sources */ = {isa = PBXBuildFile; fileRef = C4C8398F2419CF9B00850910 /* LoginModel.m */; };
/* End PBXBuildFile section */

/* Begin PBXFileReference section */
		C4C8396B2419CF2B00850910 /* MVP.app */ = {isa = PBXFileReference; explicitFileType = wrapper.application; includeInIndex = 0; path = MVP.app; sourceTree = BUILT_PRODUCTS_DIR; };
		C4C8396E2419CF2B00850910 /* AppDelegate.h */ = {isa = PBXFileReference; lastKnownFileType = sourcecode.c.h; path = AppDelegate.h; sourceTree = "<group>"; };
		C4C8396F2419CF2B00850910 /* AppDelegate.m */ = {isa = PBXFileReference; lastKnownFileType = sourcecode.c.objc; path = AppDelegate.m; sourceTree = "<group>"; };
		C4C839712419CF2B00850910 /* SceneDelegate.h */ = {isa = PBXFileReference; lastKnownFileType = sourcecode.c.h; path = SceneDelegate.h; sourceTree = "<group>"; };
		C4C839722419CF2B00850910 /* SceneDelegate.m */ = {isa = PBXFileReference; lastKnownFileType = sourcecode.c.objc; path = SceneDelegate.m; sourceTree = "<group>"; };
		C4C839742419CF2B00850910 /* ViewController.h */ = {isa = PBXFileReference; lastKnownFileType = sourcecode.c.h; path = ViewController.h; sourceTree = "<group>"; };
		C4C839752419CF2B00850910 /* ViewController.m */ = {isa = PBXFileReference; lastKnownFileType = sourcecode.c.objc; path = ViewController.m; sourceTree = "<group>"; };
		C4C839782419CF2B00850910 /* Base */ = {isa = PBXFileReference; lastKnownFileType = file.storyboard; name = Base; path = Base.lproj/Main.storyboard; sourceTree = "<group>"; };
		C4C8397B2419CF2B00850910 /* MVP.xcdatamodel */ = {isa = PBXFileReference; lastKnownFileType = wrapper.xcdatamodel; path = MVP.xcdatamodel; sourceTree = "<group>"; };
		C4C8397D2419CF2C00850910 /* Assets.xcassets */ = {isa = PBXFileReference; lastKnownFileType = folder.assetcatalog; path = Assets.xcassets; sourceTree = "<group>"; };
		C4C839802419CF2C00850910 /* Base */ = {isa = PBXFileReference; lastKnownFileType = file.storyboard; name = Base; path = Base.lproj/LaunchScreen.storyboard; sourceTree = "<group>"; };
		C4C839822419CF2C00850910 /* Info.plist */ = {isa = PBXFileReference; lastKnownFileType = text.plist.xml; path = Info.plist; sourceTree = "<group>"; };
		C4C839832419CF2C00850910 /* main.m */ = {isa = PBXFileReference; lastKnownFileType = sourcecode.c.objc; path = main.m; sourceTree = "<group>"; };
		C4C8398A2419CF7500850910 /* LoginPresenter.h */ = {isa = PBXFileReference; lastKnownFileType = sourcecode.c.h; path = LoginPresenter.h; sourceTree = "<group>"; };
		C4C8398B2419CF7500850910 /* LoginPresenter.m */ = {isa = PBXFileReference; lastKnownFileType = sourcecode.c.objc; path = LoginPresenter.m; sourceTree = "<group>"; };
		C4C8398E2419CF9B00850910 /* LoginModel.h */ = {isa = PBXFileReference; lastKnownFileType = sourcecode.c.h; path = LoginModel.h; sourceTree = "<group>"; };
		C4C8398F2419CF9B00850910 /* LoginModel.m */ = {isa = PBXFileReference; lastKnownFileType = sourcecode.c.objc; path = LoginModel.m; sourceTree = "<group>"; };
/* End PBXFileReference section */

/* Begin PBXFrameworksBuildPhase section */
		C4C839682419CF2B00850910 /* Frameworks */ = {
			isa = PBXFrameworksBuildPhase;
			buildActionMask = 2147483647;
			files = (
			);
			runOnlyForDeploymentPostprocessing = 0;
		};
/* End PBXFrameworksBuildPhase section */

/* Begin PBXGroup section */
		C4C839622419CF2B00850910 = {
			isa = PBXGroup;
			children = (
				C4C8396D2419CF2B00850910 /* MVP */,
				C4C8396C2419CF2B00850910 /* Products */,
			);
			sourceTree = "<group>";
		};
		C4C8396C2419CF2B00850910 /* Products */ = {
			isa = PBXGroup;
			children = (
				C4C8396B2419CF2B00850910 /* MVP.app */,
			);
			name = Products;
			sourceTree = "<group>";
		};
		C4C8396D2419CF2B00850910 /* MVP */ = {
			isa = PBXGroup;
			children = (
				C4C839912419CFA600850910 /* model */,
				C4C8398D2419CF7D00850910 /* presenter */,
				C4C8396E2419CF2B00850910 /* AppDelegate.h */,
				C4C8396F2419CF2B00850910 /* AppDelegate.m */,
				C4C839712419CF2B00850910 /* SceneDelegate.h */,
				C4C839722419CF2B00850910 /* SceneDelegate.m */,
				C4C839742419CF2B00850910 /* ViewController.h */,
				C4C839752419CF2B00850910 /* ViewController.m */,
				C4C839772419CF2B00850910 /* Main.storyboard */,
				C4C8397D2419CF2C00850910 /* Assets.xcassets */,
				C4C8397F2419CF2C00850910 /* LaunchScreen.storyboard */,
				C4C839822419CF2C00850910 /* Info.plist */,
				C4C839832419CF2C00850910 /* main.m */,
				C4C8397A2419CF2B00850910 /* MVP.xcdatamodeld */,
			);
			path = MVP;
			sourceTree = "<group>";
		};
		C4C8398D2419CF7D00850910 /* presenter */ = {
			isa = PBXGroup;
			children = (
				C4C8398A2419CF7500850910 /* LoginPresenter.h */,
				C4C8398B2419CF7500850910 /* LoginPresenter.m */,
			);
			path = presenter;
			sourceTree = "<group>";
		};
		C4C839912419CFA600850910 /* model */ = {
			isa = PBXGroup;
			children = (
				C4C8398E2419CF9B00850910 /* LoginModel.h */,
				C4C8398F2419CF9B00850910 /* LoginModel.m */,
			);
			path = model;
			sourceTree = "<group>";
		};
/* End PBXGroup section */

/* Begin PBXNativeTarget section */
		C4C8396A2419CF2B00850910 /* MVP */ = {
			isa = PBXNativeTarget;
			buildConfigurationList = C4C839872419CF2C00850910 /* Build configuration list for PBXNativeTarget "MVP" */;
			buildPhases = (
				C4C839672419CF2B00850910 /* Sources */,
				C4C839682419CF2B00850910 /* Frameworks */,
				C4C839692419CF2B00850910 /* Resources */,
			);
			buildRules = (
			);
			dependencies = (
			);
			name = MVP;
			productName = MVP;
			productReference = C4C8396B2419CF2B00850910 /* MVP.app */;
			productType = "com.apple.product-type.application";
		};
/* End PBXNativeTarget section */

/* Begin PBXProject section */
		C4C839632419CF2B00850910 /* Project object */ = {
			isa = PBXProject;
			attributes = {
				LastUpgradeCheck = 1130;
				ORGANIZATIONNAME = xiuyu;
				TargetAttributes = {
					C4C8396A2419CF2B00850910 = {
						CreatedOnToolsVersion = 11.3.1;
					};
				};
			};
			buildConfigurationList = C4C839662419CF2B00850910 /* Build configuration list for PBXProject "MVP" */;
			compatibilityVersion = "Xcode 9.3";
			developmentRegion = en;
			hasScannedForEncodings = 0;
			knownRegions = (
				en,
				Base,
			);
			mainGroup = C4C839622419CF2B00850910;
			productRefGroup = C4C8396C2419CF2B00850910 /* Products */;
			projectDirPath = "";
			projectRoot = "";
			targets = (
				C4C8396A2419CF2B00850910 /* MVP */,
			);
		};
/* End PBXProject section */

/* Begin PBXResourcesBuildPhase section */
		C4C839692419CF2B00850910 /* Resources */ = {
			isa = PBXResourcesBuildPhase;
			buildActionMask = 2147483647;
			files = (
				C4C839812419CF2C00850910 /* LaunchScreen.storyboard in Resources */,
				C4C8397E2419CF2C00850910 /* Assets.xcassets in Resources */,
				C4C839792419CF2B00850910 /* Main.storyboard in Resources */,
			);
			runOnlyForDeploymentPostprocessing = 0;
		};
/* End PBXResourcesBuildPhase section */

/* Begin PBXSourcesBuildPhase section */
		C4C839672419CF2B00850910 /* Sources */ = {
			isa = PBXSourcesBuildPhase;
			buildActionMask = 2147483647;
			files = (
				C4C8398C2419CF7500850910 /* LoginPresenter.m in Sources */,
				C4C839842419CF2C00850910 /* main.m in Sources */,
				C4C839762419CF2B00850910 /* ViewController.m in Sources */,
				C4C839702419CF2B00850910 /* AppDelegate.m in Sources */,
				C4C839732419CF2B00850910 /* SceneDelegate.m in Sources */,
				C4C8397C2419CF2B00850910 /* MVP.xcdatamodeld in Sources */,
				C4C839902419CF9B00850910 /* LoginModel.m in Sources */,
			);
			runOnlyForDeploymentPostprocessing = 0;
		};
/* End PBXSourcesBuildPhase section */

/* Begin PBXVariantGroup section */
		C4C839772419CF2B00850910 /* Main.storyboard */ = {
			isa = PBXVariantGroup;
			children = (
				C4C839782419CF2B00850910 /* Base */,
			);
			name = Main.storyboard;
			sourceTree = "<group>";
		};
		C4C8397F2419CF2C00850910 /* LaunchScreen.storyboard */ = {
			isa = PBXVariantGroup;
			children = (
				C4C839802419CF2C00850910 /* Base */,
			);
			name = LaunchScreen.storyboard;
			sourceTree = "<group>";
		};
/* End PBXVariantGroup section */

/* Begin XCBuildConfiguration section */
		C4C839852419CF2C00850910 /* Debug */ = {
			isa = XCBuildConfiguration;
			buildSettings = {
				ALWAYS_SEARCH_USER_PATHS = NO;
				CLANG_ANALYZER_NONNULL = YES;
				CLANG_ANALYZER_NUMBER_OBJECT_CONVERSION = YES_AGGRESSIVE;
				CLANG_CXX_LANGUAGE_STANDARD = "gnu++14";
				CLANG_CXX_LIBRARY = "libc++";
				CLANG_ENABLE_MODULES = YES;
				CLANG_ENABLE_OBJC_ARC = YES;
				CLANG_ENABLE_OBJC_WEAK = YES;
				CLANG_WARN_BLOCK_CAPTURE_AUTORELEASING = YES;
				CLANG_WARN_BOOL_CONVERSION = YES;
				CLANG_WARN_COMMA = YES;
				CLANG_WARN_CONSTANT_CONVERSION = YES;
				CLANG_WARN_DEPRECATED_OBJC_IMPLEMENTATIONS = YES;
				CLANG_WARN_DIRECT_OBJC_ISA_USAGE = YES_ERROR;
				CLANG_WARN_DOCUMENTATION_COMMENTS = YES;
				CLANG_WARN_EMPTY_BODY = YES;
				CLANG_WARN_ENUM_CONVERSION = YES;
				CLANG_WARN_INFINITE_RECURSION = YES;
				CLANG_WARN_INT_CONVERSION = YES;
				CLANG_WARN_NON_LITERAL_NULL_CONVERSION = YES;
				CLANG_WARN_OBJC_IMPLICIT_RETAIN_SELF = YES;
				CLANG_WARN_OBJC_LITERAL_CONVERSION = YES;
				CLANG_WARN_OBJC_ROOT_CLASS = YES_ERROR;
				CLANG_WARN_RANGE_LOOP_ANALYSIS = YES;
				CLANG_WARN_STRICT_PROTOTYPES = YES;
				CLANG_WARN_SUSPICIOUS_MOVE = YES;
				CLANG_WARN_UNGUARDED_AVAILABILITY = YES_AGGRESSIVE;
				CLANG_WARN_UNREACHABLE_CODE = YES;
				CLANG_WARN__DUPLICATE_METHOD_MATCH = YES;
				COPY_PHASE_STRIP = NO;
				DEBUG_INFORMATION_FORMAT = dwarf;
				ENABLE_STRICT_OBJC_MSGSEND = YES;
				ENABLE_TESTABILITY = YES;
				GCC_C_LANGUAGE_STANDARD = gnu11;
				GCC_DYNAMIC_NO_PIC = NO;
				GCC_NO_COMMON_BLOCKS = YES;
				GCC_OPTIMIZATION_LEVEL = 0;
				GCC_PREPROCESSOR_DEFINITIONS = (
					"DEBUG=1",
					"$(inherited)",
				);
				GCC_WARN_64_TO_32_BIT_CONVERSION = YES;
				GCC_WARN_ABOUT_RETURN_TYPE = YES_ERROR;
				GCC_WARN_UNDECLARED_SELECTOR = YES;
				GCC_WARN_UNINITIALIZED_AUTOS = YES_AGGRESSIVE;
				GCC_WARN_UNUSED_FUNCTION = YES;
				GCC_WARN_UNUSED_VARIABLE = YES;
				IPHONEOS_DEPLOYMENT_TARGET = 13.2;
				MTL_ENABLE_DEBUG_INFO = INCLUDE_SOURCE;
				MTL_FAST_MATH = YES;
				ONLY_ACTIVE_ARCH = YES;
				SDKROOT = iphoneos;
			};
			name = Debug;
		};
		C4C839862419CF2C00850910 /* Release */ = {
			isa = XCBuildConfiguration;
			buildSettings = {
				ALWAYS_SEARCH_USER_PATHS = NO;
				CLANG_ANALYZER_NONNULL = YES;
				CLANG_ANALYZER_NUMBER_OBJECT_CONVERSION = YES_AGGRESSIVE;
				CLANG_CXX_LANGUAGE_STANDARD = "gnu++14";
				CLANG_CXX_LIBRARY = "libc++";
				CLANG_ENABLE_MODULES = YES;
				CLANG_ENABLE_OBJC_ARC = YES;
				CLANG_ENABLE_OBJC_WEAK = YES;
				CLANG_WARN_BLOCK_CAPTURE_AUTORELEASING = YES;
				CLANG_WARN_BOOL_CONVERSION = YES;
				CLANG_WARN_COMMA = YES;
				CLANG_WARN_CONSTANT_CONVERSION = YES;
				CLANG_WARN_DEPRECATED_OBJC_IMPLEMENTATIONS = YES;
				CLANG_WARN_DIRECT_OBJC_ISA_USAGE = YES_ERROR;
				CLANG_WARN_DOCUMENTATION_COMMENTS = YES;
				CLANG_WARN_EMPTY_BODY = YES;
				CLANG_WARN_ENUM_CONVERSION = YES;
				CLANG_WARN_INFINITE_RECURSION = YES;
				CLANG_WARN_INT_CONVERSION = YES;
				CLANG_WARN_NON_LITERAL_NULL_CONVERSION = YES;
				CLANG_WARN_OBJC_IMPLICIT_RETAIN_SELF = YES;
				CLANG_WARN_OBJC_LITERAL_CONVERSION = YES;
				CLANG_WARN_OBJC_ROOT_CLASS = YES_ERROR;
				CLANG_WARN_RANGE_LOOP_ANALYSIS = YES;
				CLANG_WARN_STRICT_PROTOTYPES = YES;
				CLANG_WARN_SUSPICIOUS_MOVE = YES;
				CLANG_WARN_UNGUARDED_AVAILABILITY = YES_AGGRESSIVE;
				CLANG_WARN_UNREACHABLE_CODE = YES;
				CLANG_WARN__DUPLICATE_METHOD_MATCH = YES;
				COPY_PHASE_STRIP = NO;
				DEBUG_INFORMATION_FORMAT = "dwarf-with-dsym";
				ENABLE_NS_ASSERTIONS = NO;
				ENABLE_STRICT_OBJC_MSGSEND = YES;
				GCC_C_LANGUAGE_STANDARD = gnu11;
				GCC_NO_COMMON_BLOCKS = YES;
				GCC_WARN_64_TO_32_BIT_CONVERSION = YES;
				GCC_WARN_ABOUT_RETURN_TYPE = YES_ERROR;
				GCC_WARN_UNDECLARED_SELECTOR = YES;
				GCC_WARN_UNINITIALIZED_AUTOS = YES_AGGRESSIVE;
				GCC_WARN_UNUSED_FUNCTION = YES;
				GCC_WARN_UNUSED_VARIABLE = YES;
				IPHONEOS_DEPLOYMENT_TARGET = 13.2;
				MTL_ENABLE_DEBUG_INFO = NO;
				MTL_FAST_MATH = YES;
				SDKROOT = iphoneos;
				VALIDATE_PRODUCT = YES;
			};
			name = Release;
		};
		C4C839882419CF2C00850910 /* Debug */ = {
			isa = XCBuildConfiguration;
			buildSettings = {
				ASSETCATALOG_COMPILER_APPICON_NAME = AppIcon;
				CODE_SIGN_STYLE = Automatic;
				DEVELOPMENT_TEAM = 94MGHZ6CZS;
				INFOPLIST_FILE = MVP/Info.plist;
				LD_RUNPATH_SEARCH_PATHS = (
					"$(inherited)",
					"@executable_path/Frameworks",
				);
				PRODUCT_BUNDLE_IDENTIFIER = com.xiuyu.MVP;
				PRODUCT_NAME = "$(TARGET_NAME)";
				TARGETED_DEVICE_FAMILY = "1,2";
			};
			name = Debug;
		};
		C4C839892419CF2C00850910 /* Release */ = {
			isa = XCBuildConfiguration;
			buildSettings = {
				ASSETCATALOG_COMPILER_APPICON_NAME = AppIcon;
				CODE_SIGN_STYLE = Automatic;
				DEVELOPMENT_TEAM = 94MGHZ6CZS;
				INFOPLIST_FILE = MVP/Info.plist;
				LD_RUNPATH_SEARCH_PATHS = (
					"$(inherited)",
					"@executable_path/Frameworks",
				);
				PRODUCT_BUNDLE_IDENTIFIER = com.xiuyu.MVP;
				PRODUCT_NAME = "$(TARGET_NAME)";
				TARGETED_DEVICE_FAMILY = "1,2";
			};
			name = Release;
		};
/* End XCBuildConfiguration section */

/* Begin XCConfigurationList section */
		C4C839662419CF2B00850910 /* Build configuration list for PBXProject "MVP" */ = {
			isa = XCConfigurationList;
			buildConfigurations = (
				C4C839852419CF2C00850910 /* Debug */,
				C4C839862419CF2C00850910 /* Release */,
			);
			defaultConfigurationIsVisible = 0;
			defaultConfigurationName = Release;
		};
		C4C839872419CF2C00850910 /* Build configuration list for PBXNativeTarget "MVP" */ = {
			isa = XCConfigurationList;
			buildConfigurations = (
				C4C839882419CF2C00850910 /* Debug */,
				C4C839892419CF2C00850910 /* Release */,
			);
			defaultConfigurationIsVisible = 0;
			defaultConfigurationName = Release;
		};
/* End XCConfigurationList section */

/* Begin XCVersionGroup section */
		C4C8397A2419CF2B00850910 /* MVP.xcdatamodeld */ = {
			isa = XCVersionGroup;
			children = (
				C4C8397B2419CF2B00850910 /* MVP.xcdatamodel */,
			);
			currentVersion = C4C8397B2419CF2B00850910 /* MVP.xcdatamodel */;
			path = MVP.xcdatamodeld;
			sourceTree = "<group>";
			versionGroupType = wrapper.xcdatamodel;
		};
/* End XCVersionGroup section */
	};
	rootObject = C4C839632419CF2B00850910 /* Project object */;
}
