PODS:
  - Masonry (1.1.0)
  - ReactiveObjC (3.1.0)
  - YYKit (1.0.9):
    - YYKit/no-arc (= 1.0.9)
  - YYKit/no-arc (1.0.9)

DEPENDENCIES:
  - Masonry
  - ReactiveObjC
  - YYKit

SPEC REPOS:
  https://github.com/cocoapods/specs.git:
    - Masonry
    - ReactiveObjC
    - YYKit

SPEC CHECKSUMS:
  Masonry: 678fab65091a9290e40e2832a55e7ab731aad201
  ReactiveObjC: 2a38ea15335de4119d8b17caf1db1484f61db902
  YYKit: 7cda43304a8dc3696c449041e2cb3107b4e236e7

PODFILE CHECKSUM: 5608af07b9b97383e2ac131f5c0620a5ec9a4354

COCOAPODS: 1.5.2
