// !$*UTF8*$!
{
	archiveVersion = 1;
	classes = {
	};
	objectVersion = 50;
	objects = {

/* Begin PBXBuildFile section */
		C42857CF22B9D74B00C880AF /* MyJSObject.m in Sources */ = {isa = PBXBuildFile; fileRef = C42857CE22B9D74B00C880AF /* MyJSObject.m */; };
		C42857D122B9DAB600C880AF /* webView.html in Resources */ = {isa = PBXBuildFile; fileRef = C42857D022B9DAB600C880AF /* webView.html */; };
		C46C5CFC22B72F9500FD75D0 /* AppDelegate.m in Sources */ = {isa = PBXBuildFile; fileRef = C46C5CFB22B72F9500FD75D0 /* AppDelegate.m */; };
		C46C5CFF22B72F9500FD75D0 /* ViewController.m in Sources */ = {isa = PBXBuildFile; fileRef = C46C5CFE22B72F9500FD75D0 /* ViewController.m */; };
		C46C5D0222B72F9500FD75D0 /* Main.storyboard in Resources */ = {isa = PBXBuildFile; fileRef = C46C5D0022B72F9500FD75D0 /* Main.storyboard */; };
		C46C5D0422B72F9600FD75D0 /* Assets.xcassets in Resources */ = {isa = PBXBuildFile; fileRef = C46C5D0322B72F9600FD75D0 /* Assets.xcassets */; };
		C46C5D0722B72F9600FD75D0 /* LaunchScreen.storyboard in Resources */ = {isa = PBXBuildFile; fileRef = C46C5D0522B72F9600FD75D0 /* LaunchScreen.storyboard */; };
		C46C5D0A22B72F9600FD75D0 /* main.m in Sources */ = {isa = PBXBuildFile; fileRef = C46C5D0922B72F9600FD75D0 /* main.m */; };
		C46C5D1122B72FCD00FD75D0 /* indexIos.html in Resources */ = {isa = PBXBuildFile; fileRef = C46C5D1022B72FCD00FD75D0 /* indexIos.html */; };
		C4D4E45A242211F400965B17 /* WKWebViewCacheViewController.m in Sources */ = {isa = PBXBuildFile; fileRef = C4D4E459242211F400965B17 /* WKWebViewCacheViewController.m */; };
/* End PBXBuildFile section */

/* Begin PBXFileReference section */
		C42857CC22B9D65000C880AF /* JSProtocol.h */ = {isa = PBXFileReference; lastKnownFileType = sourcecode.c.h; path = JSProtocol.h; sourceTree = "<group>"; };
		C42857CD22B9D74B00C880AF /* MyJSObject.h */ = {isa = PBXFileReference; lastKnownFileType = sourcecode.c.h; path = MyJSObject.h; sourceTree = "<group>"; };
		C42857CE22B9D74B00C880AF /* MyJSObject.m */ = {isa = PBXFileReference; lastKnownFileType = sourcecode.c.objc; path = MyJSObject.m; sourceTree = "<group>"; };
		C42857D022B9DAB600C880AF /* webView.html */ = {isa = PBXFileReference; fileEncoding = 4; lastKnownFileType = text.html; path = webView.html; sourceTree = "<group>"; };
		C46C5CF722B72F9400FD75D0 /* WKWebViewJs.app */ = {isa = PBXFileReference; explicitFileType = wrapper.application; includeInIndex = 0; path = WKWebViewJs.app; sourceTree = BUILT_PRODUCTS_DIR; };
		C46C5CFA22B72F9400FD75D0 /* AppDelegate.h */ = {isa = PBXFileReference; lastKnownFileType = sourcecode.c.h; path = AppDelegate.h; sourceTree = "<group>"; };
		C46C5CFB22B72F9500FD75D0 /* AppDelegate.m */ = {isa = PBXFileReference; lastKnownFileType = sourcecode.c.objc; path = AppDelegate.m; sourceTree = "<group>"; };
		C46C5CFD22B72F9500FD75D0 /* ViewController.h */ = {isa = PBXFileReference; lastKnownFileType = sourcecode.c.h; path = ViewController.h; sourceTree = "<group>"; };
		C46C5CFE22B72F9500FD75D0 /* ViewController.m */ = {isa = PBXFileReference; lastKnownFileType = sourcecode.c.objc; path = ViewController.m; sourceTree = "<group>"; };
		C46C5D0122B72F9500FD75D0 /* Base */ = {isa = PBXFileReference; lastKnownFileType = file.storyboard; name = Base; path = Base.lproj/Main.storyboard; sourceTree = "<group>"; };
		C46C5D0322B72F9600FD75D0 /* Assets.xcassets */ = {isa = PBXFileReference; lastKnownFileType = folder.assetcatalog; path = Assets.xcassets; sourceTree = "<group>"; };
		C46C5D0622B72F9600FD75D0 /* Base */ = {isa = PBXFileReference; lastKnownFileType = file.storyboard; name = Base; path = Base.lproj/LaunchScreen.storyboard; sourceTree = "<group>"; };
		C46C5D0822B72F9600FD75D0 /* Info.plist */ = {isa = PBXFileReference; lastKnownFileType = text.plist.xml; path = Info.plist; sourceTree = "<group>"; };
		C46C5D0922B72F9600FD75D0 /* main.m */ = {isa = PBXFileReference; lastKnownFileType = sourcecode.c.objc; path = main.m; sourceTree = "<group>"; };
		C46C5D1022B72FCD00FD75D0 /* indexIos.html */ = {isa = PBXFileReference; fileEncoding = 4; lastKnownFileType = text.html; path = indexIos.html; sourceTree = "<group>"; };
		C4D4E458242211F400965B17 /* WKWebViewCacheViewController.h */ = {isa = PBXFileReference; lastKnownFileType = sourcecode.c.h; path = WKWebViewCacheViewController.h; sourceTree = "<group>"; };
		C4D4E459242211F400965B17 /* WKWebViewCacheViewController.m */ = {isa = PBXFileReference; lastKnownFileType = sourcecode.c.objc; path = WKWebViewCacheViewController.m; sourceTree = "<group>"; };
/* End PBXFileReference section */

/* Begin PBXFrameworksBuildPhase section */
		C46C5CF422B72F9400FD75D0 /* Frameworks */ = {
			isa = PBXFrameworksBuildPhase;
			buildActionMask = 2147483647;
			files = (
			);
			runOnlyForDeploymentPostprocessing = 0;
		};
/* End PBXFrameworksBuildPhase section */

/* Begin PBXGroup section */
		C46C5CEE22B72F9400FD75D0 = {
			isa = PBXGroup;
			children = (
				C46C5CF922B72F9400FD75D0 /* WKWebViewJs */,
				C46C5CF822B72F9400FD75D0 /* Products */,
			);
			sourceTree = "<group>";
		};
		C46C5CF822B72F9400FD75D0 /* Products */ = {
			isa = PBXGroup;
			children = (
				C46C5CF722B72F9400FD75D0 /* WKWebViewJs.app */,
			);
			name = Products;
			sourceTree = "<group>";
		};
		C46C5CF922B72F9400FD75D0 /* WKWebViewJs */ = {
			isa = PBXGroup;
			children = (
				C46C5D1022B72FCD00FD75D0 /* indexIos.html */,
				C42857D022B9DAB600C880AF /* webView.html */,
				C46C5CFA22B72F9400FD75D0 /* AppDelegate.h */,
				C46C5CFB22B72F9500FD75D0 /* AppDelegate.m */,
				C46C5CFD22B72F9500FD75D0 /* ViewController.h */,
				C46C5CFE22B72F9500FD75D0 /* ViewController.m */,
				C4D4E458242211F400965B17 /* WKWebViewCacheViewController.h */,
				C4D4E459242211F400965B17 /* WKWebViewCacheViewController.m */,
				C42857CC22B9D65000C880AF /* JSProtocol.h */,
				C42857CD22B9D74B00C880AF /* MyJSObject.h */,
				C42857CE22B9D74B00C880AF /* MyJSObject.m */,
				C46C5D0022B72F9500FD75D0 /* Main.storyboard */,
				C46C5D0322B72F9600FD75D0 /* Assets.xcassets */,
				C46C5D0522B72F9600FD75D0 /* LaunchScreen.storyboard */,
				C46C5D0822B72F9600FD75D0 /* Info.plist */,
				C46C5D0922B72F9600FD75D0 /* main.m */,
			);
			path = WKWebViewJs;
			sourceTree = "<group>";
		};
/* End PBXGroup section */

/* Begin PBXNativeTarget section */
		C46C5CF622B72F9400FD75D0 /* WKWebViewJs */ = {
			isa = PBXNativeTarget;
			buildConfigurationList = C46C5D0D22B72F9600FD75D0 /* Build configuration list for PBXNativeTarget "WKWebViewJs" */;
			buildPhases = (
				C46C5CF322B72F9400FD75D0 /* Sources */,
				C46C5CF422B72F9400FD75D0 /* Frameworks */,
				C46C5CF522B72F9400FD75D0 /* Resources */,
			);
			buildRules = (
			);
			dependencies = (
			);
			name = WKWebViewJs;
			productName = WKWebViewJs;
			productReference = C46C5CF722B72F9400FD75D0 /* WKWebViewJs.app */;
			productType = "com.apple.product-type.application";
		};
/* End PBXNativeTarget section */

/* Begin PBXProject section */
		C46C5CEF22B72F9400FD75D0 /* Project object */ = {
			isa = PBXProject;
			attributes = {
				LastUpgradeCheck = 1020;
				ORGANIZATIONNAME = xiuyu;
				TargetAttributes = {
					C46C5CF622B72F9400FD75D0 = {
						CreatedOnToolsVersion = 10.2.1;
					};
				};
			};
			buildConfigurationList = C46C5CF222B72F9400FD75D0 /* Build configuration list for PBXProject "WKWebViewJs" */;
			compatibilityVersion = "Xcode 9.3";
			developmentRegion = en;
			hasScannedForEncodings = 0;
			knownRegions = (
				en,
				Base,
			);
			mainGroup = C46C5CEE22B72F9400FD75D0;
			productRefGroup = C46C5CF822B72F9400FD75D0 /* Products */;
			projectDirPath = "";
			projectRoot = "";
			targets = (
				C46C5CF622B72F9400FD75D0 /* WKWebViewJs */,
			);
		};
/* End PBXProject section */

/* Begin PBXResourcesBuildPhase section */
		C46C5CF522B72F9400FD75D0 /* Resources */ = {
			isa = PBXResourcesBuildPhase;
			buildActionMask = 2147483647;
			files = (
				C46C5D0722B72F9600FD75D0 /* LaunchScreen.storyboard in Resources */,
				C46C5D0422B72F9600FD75D0 /* Assets.xcassets in Resources */,
				C46C5D0222B72F9500FD75D0 /* Main.storyboard in Resources */,
				C46C5D1122B72FCD00FD75D0 /* indexIos.html in Resources */,
				C42857D122B9DAB600C880AF /* webView.html in Resources */,
			);
			runOnlyForDeploymentPostprocessing = 0;
		};
/* End PBXResourcesBuildPhase section */

/* Begin PBXSourcesBuildPhase section */
		C46C5CF322B72F9400FD75D0 /* Sources */ = {
			isa = PBXSourcesBuildPhase;
			buildActionMask = 2147483647;
			files = (
				C46C5CFF22B72F9500FD75D0 /* ViewController.m in Sources */,
				C4D4E45A242211F400965B17 /* WKWebViewCacheViewController.m in Sources */,
				C42857CF22B9D74B00C880AF /* MyJSObject.m in Sources */,
				C46C5D0A22B72F9600FD75D0 /* main.m in Sources */,
				C46C5CFC22B72F9500FD75D0 /* AppDelegate.m in Sources */,
			);
			runOnlyForDeploymentPostprocessing = 0;
		};
/* End PBXSourcesBuildPhase section */

/* Begin PBXVariantGroup section */
		C46C5D0022B72F9500FD75D0 /* Main.storyboard */ = {
			isa = PBXVariantGroup;
			children = (
				C46C5D0122B72F9500FD75D0 /* Base */,
			);
			name = Main.storyboard;
			sourceTree = "<group>";
		};
		C46C5D0522B72F9600FD75D0 /* LaunchScreen.storyboard */ = {
			isa = PBXVariantGroup;
			children = (
				C46C5D0622B72F9600FD75D0 /* Base */,
			);
			name = LaunchScreen.storyboard;
			sourceTree = "<group>";
		};
/* End PBXVariantGroup section */

/* Begin XCBuildConfiguration section */
		C46C5D0B22B72F9600FD75D0 /* Debug */ = {
			isa = XCBuildConfiguration;
			buildSettings = {
				ALWAYS_SEARCH_USER_PATHS = NO;
				CLANG_ANALYZER_NONNULL = YES;
				CLANG_ANALYZER_NUMBER_OBJECT_CONVERSION = YES_AGGRESSIVE;
				CLANG_CXX_LANGUAGE_STANDARD = "gnu++14";
				CLANG_CXX_LIBRARY = "libc++";
				CLANG_ENABLE_MODULES = YES;
				CLANG_ENABLE_OBJC_ARC = YES;
				CLANG_ENABLE_OBJC_WEAK = YES;
				CLANG_WARN_BLOCK_CAPTURE_AUTORELEASING = YES;
				CLANG_WARN_BOOL_CONVERSION = YES;
				CLANG_WARN_COMMA = YES;
				CLANG_WARN_CONSTANT_CONVERSION = YES;
				CLANG_WARN_DEPRECATED_OBJC_IMPLEMENTATIONS = YES;
				CLANG_WARN_DIRECT_OBJC_ISA_USAGE = YES_ERROR;
				CLANG_WARN_DOCUMENTATION_COMMENTS = YES;
				CLANG_WARN_EMPTY_BODY = YES;
				CLANG_WARN_ENUM_CONVERSION = YES;
				CLANG_WARN_INFINITE_RECURSION = YES;
				CLANG_WARN_INT_CONVERSION = YES;
				CLANG_WARN_NON_LITERAL_NULL_CONVERSION = YES;
				CLANG_WARN_OBJC_IMPLICIT_RETAIN_SELF = YES;
				CLANG_WARN_OBJC_LITERAL_CONVERSION = YES;
				CLANG_WARN_OBJC_ROOT_CLASS = YES_ERROR;
				CLANG_WARN_RANGE_LOOP_ANALYSIS = YES;
				CLANG_WARN_STRICT_PROTOTYPES = YES;
				CLANG_WARN_SUSPICIOUS_MOVE = YES;
				CLANG_WARN_UNGUARDED_AVAILABILITY = YES_AGGRESSIVE;
				CLANG_WARN_UNREACHABLE_CODE = YES;
				CLANG_WARN__DUPLICATE_METHOD_MATCH = YES;
				CODE_SIGN_IDENTITY = "iPhone Developer";
				COPY_PHASE_STRIP = NO;
				DEBUG_INFORMATION_FORMAT = dwarf;
				ENABLE_STRICT_OBJC_MSGSEND = YES;
				ENABLE_TESTABILITY = YES;
				GCC_C_LANGUAGE_STANDARD = gnu11;
				GCC_DYNAMIC_NO_PIC = NO;
				GCC_NO_COMMON_BLOCKS = YES;
				GCC_OPTIMIZATION_LEVEL = 0;
				GCC_PREPROCESSOR_DEFINITIONS = (
					"DEBUG=1",
					"$(inherited)",
				);
				GCC_WARN_64_TO_32_BIT_CONVERSION = YES;
				GCC_WARN_ABOUT_RETURN_TYPE = YES_ERROR;
				GCC_WARN_UNDECLARED_SELECTOR = YES;
				GCC_WARN_UNINITIALIZED_AUTOS = YES_AGGRESSIVE;
				GCC_WARN_UNUSED_FUNCTION = YES;
				GCC_WARN_UNUSED_VARIABLE = YES;
				IPHONEOS_DEPLOYMENT_TARGET = 9.0;
				MTL_ENABLE_DEBUG_INFO = INCLUDE_SOURCE;
				MTL_FAST_MATH = YES;
				ONLY_ACTIVE_ARCH = YES;
				SDKROOT = iphoneos;
			};
			name = Debug;
		};
		C46C5D0C22B72F9600FD75D0 /* Release */ = {
			isa = XCBuildConfiguration;
			buildSettings = {
				ALWAYS_SEARCH_USER_PATHS = NO;
				CLANG_ANALYZER_NONNULL = YES;
				CLANG_ANALYZER_NUMBER_OBJECT_CONVERSION = YES_AGGRESSIVE;
				CLANG_CXX_LANGUAGE_STANDARD = "gnu++14";
				CLANG_CXX_LIBRARY = "libc++";
				CLANG_ENABLE_MODULES = YES;
				CLANG_ENABLE_OBJC_ARC = YES;
				CLANG_ENABLE_OBJC_WEAK = YES;
				CLANG_WARN_BLOCK_CAPTURE_AUTORELEASING = YES;
				CLANG_WARN_BOOL_CONVERSION = YES;
				CLANG_WARN_COMMA = YES;
				CLANG_WARN_CONSTANT_CONVERSION = YES;
				CLANG_WARN_DEPRECATED_OBJC_IMPLEMENTATIONS = YES;
				CLANG_WARN_DIRECT_OBJC_ISA_USAGE = YES_ERROR;
				CLANG_WARN_DOCUMENTATION_COMMENTS = YES;
				CLANG_WARN_EMPTY_BODY = YES;
				CLANG_WARN_ENUM_CONVERSION = YES;
				CLANG_WARN_INFINITE_RECURSION = YES;
				CLANG_WARN_INT_CONVERSION = YES;
				CLANG_WARN_NON_LITERAL_NULL_CONVERSION = YES;
				CLANG_WARN_OBJC_IMPLICIT_RETAIN_SELF = YES;
				CLANG_WARN_OBJC_LITERAL_CONVERSION = YES;
				CLANG_WARN_OBJC_ROOT_CLASS = YES_ERROR;
				CLANG_WARN_RANGE_LOOP_ANALYSIS = YES;
				CLANG_WARN_STRICT_PROTOTYPES = YES;
				CLANG_WARN_SUSPICIOUS_MOVE = YES;
				CLANG_WARN_UNGUARDED_AVAILABILITY = YES_AGGRESSIVE;
				CLANG_WARN_UNREACHABLE_CODE = YES;
				CLANG_WARN__DUPLICATE_METHOD_MATCH = YES;
				CODE_SIGN_IDENTITY = "iPhone Developer";
				COPY_PHASE_STRIP = NO;
				DEBUG_INFORMATION_FORMAT = "dwarf-with-dsym";
				ENABLE_NS_ASSERTIONS = NO;
				ENABLE_STRICT_OBJC_MSGSEND = YES;
				GCC_C_LANGUAGE_STANDARD = gnu11;
				GCC_NO_COMMON_BLOCKS = YES;
				GCC_WARN_64_TO_32_BIT_CONVERSION = YES;
				GCC_WARN_ABOUT_RETURN_TYPE = YES_ERROR;
				GCC_WARN_UNDECLARED_SELECTOR = YES;
				GCC_WARN_UNINITIALIZED_AUTOS = YES_AGGRESSIVE;
				GCC_WARN_UNUSED_FUNCTION = YES;
				GCC_WARN_UNUSED_VARIABLE = YES;
				IPHONEOS_DEPLOYMENT_TARGET = 9.0;
				MTL_ENABLE_DEBUG_INFO = NO;
				MTL_FAST_MATH = YES;
				SDKROOT = iphoneos;
				VALIDATE_PRODUCT = YES;
			};
			name = Release;
		};
		C46C5D0E22B72F9600FD75D0 /* Debug */ = {
			isa = XCBuildConfiguration;
			buildSettings = {
				ASSETCATALOG_COMPILER_APPICON_NAME = AppIcon;
				CODE_SIGN_STYLE = Automatic;
				DEVELOPMENT_TEAM = 94MGHZ6CZS;
				INFOPLIST_FILE = WKWebViewJs/Info.plist;
				IPHONEOS_DEPLOYMENT_TARGET = 9.0;
				LD_RUNPATH_SEARCH_PATHS = (
					"$(inherited)",
					"@executable_path/Frameworks",
				);
				PRODUCT_BUNDLE_IDENTIFIER = com.xiuyu.WKWebViewJs;
				PRODUCT_NAME = "$(TARGET_NAME)";
				TARGETED_DEVICE_FAMILY = "1,2";
			};
			name = Debug;
		};
		C46C5D0F22B72F9600FD75D0 /* Release */ = {
			isa = XCBuildConfiguration;
			buildSettings = {
				ASSETCATALOG_COMPILER_APPICON_NAME = AppIcon;
				CODE_SIGN_STYLE = Automatic;
				DEVELOPMENT_TEAM = 94MGHZ6CZS;
				INFOPLIST_FILE = WKWebViewJs/Info.plist;
				IPHONEOS_DEPLOYMENT_TARGET = 9.0;
				LD_RUNPATH_SEARCH_PATHS = (
					"$(inherited)",
					"@executable_path/Frameworks",
				);
				PRODUCT_BUNDLE_IDENTIFIER = com.xiuyu.WKWebViewJs;
				PRODUCT_NAME = "$(TARGET_NAME)";
				TARGETED_DEVICE_FAMILY = "1,2";
			};
			name = Release;
		};
/* End XCBuildConfiguration section */

/* Begin XCConfigurationList section */
		C46C5CF222B72F9400FD75D0 /* Build configuration list for PBXProject "WKWebViewJs" */ = {
			isa = XCConfigurationList;
			buildConfigurations = (
				C46C5D0B22B72F9600FD75D0 /* Debug */,
				C46C5D0C22B72F9600FD75D0 /* Release */,
			);
			defaultConfigurationIsVisible = 0;
			defaultConfigurationName = Release;
		};
		C46C5D0D22B72F9600FD75D0 /* Build configuration list for PBXNativeTarget "WKWebViewJs" */ = {
			isa = XCConfigurationList;
			buildConfigurations = (
				C46C5D0E22B72F9600FD75D0 /* Debug */,
				C46C5D0F22B72F9600FD75D0 /* Release */,
			);
			defaultConfigurationIsVisible = 0;
			defaultConfigurationName = Release;
		};
/* End XCConfigurationList section */
	};
	rootObject = C46C5CEF22B72F9400FD75D0 /* Project object */;
}
